
Microsoft Visual Studio Solution File, Format Version 12.00
# Visual Studio Version 17
VisualStudioVersion = 17.11.35312.102
MinimumVisualStudioVersion = 10.0.40219.1
Project("{FAE04EC0-301F-11D3-BF4B-00C04F79EFBC}") = "Library Management System", "Library Management System\Library Management System.csproj", "{FF29D2DF-F11C-4708-9CF5-541784AA812D}"
EndProject
Global
	GlobalSection(SolutionConfigurationPlatforms) = preSolution
		Debug|Any CPU = Debug|Any CPU
		Release|Any CPU = Release|Any CPU
	EndGlobalSection
	GlobalSection(ProjectConfigurationPlatforms) = postSolution
		{FF29D2DF-F11C-4708-9CF5-541784AA812D}.Debug|Any CPU.ActiveCfg = Debug|Any CPU
		{FF29D2DF-F11C-4708-9CF5-541784AA812D}.Debug|Any CPU.Build.0 = Debug|Any CPU
		{FF29D2DF-F11C-4708-9CF5-541784AA812D}.Release|Any CPU.ActiveCfg = Release|Any CPU
		{FF29D2DF-F11C-4708-9CF5-541784AA812D}.Release|Any CPU.Build.0 = Release|Any CPU
	EndGlobalSection
	GlobalSection(SolutionProperties) = preSolution
		HideSolutionNode = FALSE
	EndGlobalSection
	GlobalSection(ExtensibilityGlobals) = postSolution
		SolutionGuid = {D8316F80-D4DD-43C4-8EFC-556A84E703DB}
	EndGlobalSection
EndGlobal
